
Microsoft Visual Studio Solution File, Format Version 12.00
# Visual Studio Version 16
VisualStudioVersion = 16.0.30816.121
MinimumVisualStudioVersion = 10.0.40219.1
Project("{9A19103F-16F7-4668-BE54-9A1E7A4F7556}") = "CourseServiceAzure", "CourseServiceAzure.csproj", "{E308BEAB-52A8-4CA0-B5F5-A52FEAD33861}"
EndProject
Global
	GlobalSection(SolutionConfigurationPlatforms) = preSolution
		Debug|Any CPU = Debug|Any CPU
		Release|Any CPU = Release|Any CPU
	EndGlobalSection
	GlobalSection(ProjectConfigurationPlatforms) = postSolution
		{E308BEAB-52A8-4CA0-B5F5-A52FEAD33861}.Debug|Any CPU.ActiveCfg = Debug|Any CPU
		{E308BEAB-52A8-4CA0-B5F5-A52FEAD33861}.Debug|Any CPU.Build.0 = Debug|Any CPU
		{E308BEAB-52A8-4CA0-B5F5-A52FEAD33861}.Release|Any CPU.ActiveCfg = Release|Any CPU
		{E308BEAB-52A8-4CA0-B5F5-A52FEAD33861}.Release|Any CPU.Build.0 = Release|Any CPU
	EndGlobalSection
	GlobalSection(SolutionProperties) = preSolution
		HideSolutionNode = FALSE
	EndGlobalSection
	GlobalSection(ExtensibilityGlobals) = postSolution
		SolutionGuid = {1A96F404-19C8-47C8-AE2E-3A06A9DB68A7}
	EndGlobalSection
EndGlobal
